
Microsoft Visual Studio Solution File, Format Version 12.00
# Visual Studio 15
VisualStudioVersion = 15.0.28307.329
MinimumVisualStudioVersion = 10.0.40219.1
Project("{FAE04EC0-301F-11D3-BF4B-00C04F79EFBC}") = "drinkGo", "drinkGo\drinkGo.csproj", "{5B32054E-55B1-47FC-91C0-43C76EA3AEF7}"
EndProject
Global
	GlobalSection(SolutionConfigurationPlatforms) = preSolution
		Debug|Any CPU = Debug|Any CPU
		Release|Any CPU = Release|Any CPU
	EndGlobalSection
	GlobalSection(ProjectConfigurationPlatforms) = postSolution
		{5B32054E-55B1-47FC-91C0-43C76EA3AEF7}.Debug|Any CPU.ActiveCfg = Debug|Any CPU
		{5B32054E-55B1-47FC-91C0-43C76EA3AEF7}.Debug|Any CPU.Build.0 = Debug|Any CPU
		{5B32054E-55B1-47FC-91C0-43C76EA3AEF7}.Release|Any CPU.ActiveCfg = Release|Any CPU
		{5B32054E-55B1-47FC-91C0-43C76EA3AEF7}.Release|Any CPU.Build.0 = Release|Any CPU
	EndGlobalSection
	GlobalSection(SolutionProperties) = preSolution
		HideSolutionNode = FALSE
	EndGlobalSection
	GlobalSection(ExtensibilityGlobals) = postSolution
		SolutionGuid = {DE0CB0F5-A1F0-4110-A9CF-1111D228549A}
	EndGlobalSection
EndGlobal
